
Microsoft Visual Studio Solution File, Format Version 12.00
# Visual Studio 15
VisualStudioVersion = 15.0.27703.2047
MinimumVisualStudioVersion = 10.0.40219.1
Project("{FAE04EC0-301F-11D3-BF4B-00C04F79EFBC}") = "FastComments", "FastComments\FastComments.csproj", "{D817840E-B663-4272-8293-86267965A2BB}"
EndProject
Global
	GlobalSection(SolutionConfigurationPlatforms) = preSolution
		Debug|Any CPU = Debug|Any CPU
		Debug|x64 = Debug|x64
		Debug|x86 = Debug|x86
		Release|Any CPU = Release|Any CPU
		Release|x64 = Release|x64
		Release|x86 = Release|x86
	EndGlobalSection
	GlobalSection(ProjectConfigurationPlatforms) = postSolution
		{D817840E-B663-4272-8293-86267965A2BB}.Debug|Any CPU.ActiveCfg = Debug|Any CPU
		{D817840E-B663-4272-8293-86267965A2BB}.Debug|Any CPU.Build.0 = Debug|Any CPU
		{D817840E-B663-4272-8293-86267965A2BB}.Debug|x64.ActiveCfg = Debug|Any CPU
		{D817840E-B663-4272-8293-86267965A2BB}.Debug|x64.Build.0 = Debug|Any CPU
		{D817840E-B663-4272-8293-86267965A2BB}.Debug|x86.ActiveCfg = Debug|Any CPU
		{D817840E-B663-4272-8293-86267965A2BB}.Debug|x86.Build.0 = Debug|Any CPU
		{D817840E-B663-4272-8293-86267965A2BB}.Release|Any CPU.ActiveCfg = Release|Any CPU
		{D817840E-B663-4272-8293-86267965A2BB}.Release|Any CPU.Build.0 = Release|Any CPU
		{D817840E-B663-4272-8293-86267965A2BB}.Release|x64.ActiveCfg = Release|Any CPU
		{D817840E-B663-4272-8293-86267965A2BB}.Release|x64.Build.0 = Release|Any CPU
		{D817840E-B663-4272-8293-86267965A2BB}.Release|x86.ActiveCfg = Release|Any CPU
		{D817840E-B663-4272-8293-86267965A2BB}.Release|x86.Build.0 = Release|Any CPU
	EndGlobalSection
	GlobalSection(SolutionProperties) = preSolution
		HideSolutionNode = FALSE
	EndGlobalSection
	GlobalSection(ExtensibilityGlobals) = postSolution
		SolutionGuid = {F15A5493-FA65-4111-9B87-9B6A31F0BCA1}
	EndGlobalSection
EndGlobal
